
Microsoft Visual Studio Solution File, Format Version 12.00
# Visual Studio Version 17
VisualStudioVersion = 17.1.32421.90
MinimumVisualStudioVersion = 10.0.40219.1
Project("{9A19103F-16F7-4668-BE54-9A1E7A4F7556}") = "NAME.Application", "src\NAME.Application\NAME.Application.csproj", "{98B775DD-BF1A-4950-97DA-94F47B799215}"
EndProject
Project("{9A19103F-16F7-4668-BE54-9A1E7A4F7556}") = "NAME.Domain", "src\NAME.Domain\NAME.Domain.csproj", "{CACEA53F-EAAD-42EE-AF02-DFFF538639CC}"
EndProject
Project("{9A19103F-16F7-4668-BE54-9A1E7A4F7556}") = "NAME.Api", "src\NAME.Api\NAME.Api.csproj", "{026C9AD2-518D-4579-894C-6D08AA0DAD6B}"
EndProject
Project("{9A19103F-16F7-4668-BE54-9A1E7A4F7556}") = "NAME.Infrastructure.EntityFramework", "src\NAME.Infrastructure.EntityFramework\NAME.Infrastructure.EntityFramework.csproj", "{BE070AA5-91AA-416A-A3AF-7025C9E8F9E3}"
EndProject
Project("{FAE04EC0-301F-11D3-BF4B-00C04F79EFBC}") = "NAME.Client", "src\NAME.Client\NAME.Client.csproj", "{B18EE186-0DDC-4C77-B4E3-3ED85C8C7607}"
EndProject
Global
	GlobalSection(SolutionConfigurationPlatforms) = preSolution
		Debug|Any CPU = Debug|Any CPU
		Release|Any CPU = Release|Any CPU
	EndGlobalSection
	GlobalSection(ProjectConfigurationPlatforms) = postSolution
		{98B775DD-BF1A-4950-97DA-94F47B799215}.Debug|Any CPU.ActiveCfg = Debug|Any CPU
		{98B775DD-BF1A-4950-97DA-94F47B799215}.Debug|Any CPU.Build.0 = Debug|Any CPU
		{98B775DD-BF1A-4950-97DA-94F47B799215}.Release|Any CPU.ActiveCfg = Release|Any CPU
		{98B775DD-BF1A-4950-97DA-94F47B799215}.Release|Any CPU.Build.0 = Release|Any CPU
		{CACEA53F-EAAD-42EE-AF02-DFFF538639CC}.Debug|Any CPU.ActiveCfg = Debug|Any CPU
		{CACEA53F-EAAD-42EE-AF02-DFFF538639CC}.Debug|Any CPU.Build.0 = Debug|Any CPU
		{CACEA53F-EAAD-42EE-AF02-DFFF538639CC}.Release|Any CPU.ActiveCfg = Release|Any CPU
		{CACEA53F-EAAD-42EE-AF02-DFFF538639CC}.Release|Any CPU.Build.0 = Release|Any CPU
		{026C9AD2-518D-4579-894C-6D08AA0DAD6B}.Debug|Any CPU.ActiveCfg = Debug|Any CPU
		{026C9AD2-518D-4579-894C-6D08AA0DAD6B}.Debug|Any CPU.Build.0 = Debug|Any CPU
		{026C9AD2-518D-4579-894C-6D08AA0DAD6B}.Release|Any CPU.ActiveCfg = Release|Any CPU
		{026C9AD2-518D-4579-894C-6D08AA0DAD6B}.Release|Any CPU.Build.0 = Release|Any CPU
		{BE070AA5-91AA-416A-A3AF-7025C9E8F9E3}.Debug|Any CPU.ActiveCfg = Debug|Any CPU
		{BE070AA5-91AA-416A-A3AF-7025C9E8F9E3}.Debug|Any CPU.Build.0 = Debug|Any CPU
		{BE070AA5-91AA-416A-A3AF-7025C9E8F9E3}.Release|Any CPU.ActiveCfg = Release|Any CPU
		{BE070AA5-91AA-416A-A3AF-7025C9E8F9E3}.Release|Any CPU.Build.0 = Release|Any CPU
		{B18EE186-0DDC-4C77-B4E3-3ED85C8C7607}.Debug|Any CPU.ActiveCfg = Debug|Any CPU
		{B18EE186-0DDC-4C77-B4E3-3ED85C8C7607}.Debug|Any CPU.Build.0 = Debug|Any CPU
		{B18EE186-0DDC-4C77-B4E3-3ED85C8C7607}.Release|Any CPU.ActiveCfg = Release|Any CPU
		{B18EE186-0DDC-4C77-B4E3-3ED85C8C7607}.Release|Any CPU.Build.0 = Release|Any CPU
	EndGlobalSection
	GlobalSection(SolutionProperties) = preSolution
		HideSolutionNode = FALSE
	EndGlobalSection
	GlobalSection(ExtensibilityGlobals) = postSolution
		SolutionGuid = {30838026-0CB5-4199-B298-6F6B26CFA4B2}
	EndGlobalSection
EndGlobal
